// !$*UTF8*$!
{
	archiveVersion = 1;
	classes = {
	};
	objectVersion = 56;
	objects = {

/* Begin PBXBuildFile section */
		EA4AE9E02B7718B1000C6BFC /* AppDelegate.swift in Sources */ = {isa = PBXBuildFile; fileRef = EA4AE9DF2B7718B1000C6BFC /* AppDelegate.swift */; };
		EA4AE9E22B7718B1000C6BFC /* SceneDelegate.swift in Sources */ = {isa = PBXBuildFile; fileRef = EA4AE9E12B7718B1000C6BFC /* SceneDelegate.swift */; };
		EA4AE9E42B7718B1000C6BFC /* ViewController.swift in Sources */ = {isa = PBXBuildFile; fileRef = EA4AE9E32B7718B1000C6BFC /* ViewController.swift */; };
		EA4AE9E72B7718B1000C6BFC /* Main.storyboard in Resources */ = {isa = PBXBuildFile; fileRef = EA4AE9E52B7718B1000C6BFC /* Main.storyboard */; };
		EA4AE9E92B7718B3000C6BFC /* Assets.xcassets in Resources */ = {isa = PBXBuildFile; fileRef = EA4AE9E82B7718B3000C6BFC /* Assets.xcassets */; };
		EA4AE9EC2B7718B3000C6BFC /* LaunchScreen.storyboard in Resources */ = {isa = PBXBuildFile; fileRef = EA4AE9EA2B7718B3000C6BFC /* LaunchScreen.storyboard */; };
		EA4AE9F72B7718B3000C6BFC /* hello_worldTests.swift in Sources */ = {isa = PBXBuildFile; fileRef = EA4AE9F62B7718B3000C6BFC /* hello_worldTests.swift */; };
		EA4AEA012B7718B3000C6BFC /* hello_worldUITests.swift in Sources */ = {isa = PBXBuildFile; fileRef = EA4AEA002B7718B3000C6BFC /* hello_worldUITests.swift */; };
		EA4AEA032B7718B3000C6BFC /* hello_worldUITestsLaunchTests.swift in Sources */ = {isa = PBXBuildFile; fileRef = EA4AEA022B7718B3000C6BFC /* hello_worldUITestsLaunchTests.swift */; };
/* End PBXBuildFile section */

/* Begin PBXContainerItemProxy section */
		EA4AE9F32B7718B3000C6BFC /* PBXContainerItemProxy */ = {
			isa = PBXContainerItemProxy;
			containerPortal = EA4AE9D42B7718B1000C6BFC /* Project object */;
			proxyType = 1;
			remoteGlobalIDString = EA4AE9DB2B7718B1000C6BFC;
			remoteInfo = hello_world;
		};
		EA4AE9FD2B7718B3000C6BFC /* PBXContainerItemProxy */ = {
			isa = PBXContainerItemProxy;
			containerPortal = EA4AE9D42B7718B1000C6BFC /* Project object */;
			proxyType = 1;
			remoteGlobalIDString = EA4AE9DB2B7718B1000C6BFC;
			remoteInfo = hello_world;
		};
/* End PBXContainerItemProxy section */

/* Begin PBXFileReference section */
		EA4AE9DC2B7718B1000C6BFC /* hello_world.app */ = {isa = PBXFileReference; explicitFileType = wrapper.application; includeInIndex = 0; path = hello_world.app; sourceTree = BUILT_PRODUCTS_DIR; };
		EA4AE9DF2B7718B1000C6BFC /* AppDelegate.swift */ = {isa = PBXFileReference; lastKnownFileType = sourcecode.swift; path = AppDelegate.swift; sourceTree = "<group>"; };
		EA4AE9E12B7718B1000C6BFC /* SceneDelegate.swift */ = {isa = PBXFileReference; lastKnownFileType = sourcecode.swift; path = SceneDelegate.swift; sourceTree = "<group>"; };
		EA4AE9E32B7718B1000C6BFC /* ViewController.swift */ = {isa = PBXFileReference; lastKnownFileType = sourcecode.swift; path = ViewController.swift; sourceTree = "<group>"; };
		EA4AE9E62B7718B1000C6BFC /* Base */ = {isa = PBXFileReference; lastKnownFileType = file.storyboard; name = Base; path = Base.lproj/Main.storyboard; sourceTree = "<group>"; };
		EA4AE9E82B7718B3000C6BFC /* Assets.xcassets */ = {isa = PBXFileReference; lastKnownFileType = folder.assetcatalog; path = Assets.xcassets; sourceTree = "<group>"; };
		EA4AE9EB2B7718B3000C6BFC /* Base */ = {isa = PBXFileReference; lastKnownFileType = file.storyboard; name = Base; path = Base.lproj/LaunchScreen.storyboard; sourceTree = "<group>"; };
		EA4AE9ED2B7718B3000C6BFC /* Info.plist */ = {isa = PBXFileReference; lastKnownFileType = text.plist.xml; path = Info.plist; sourceTree = "<group>"; };
		EA4AE9F22B7718B3000C6BFC /* hello_worldTests.xctest */ = {isa = PBXFileReference; explicitFileType = wrapper.cfbundle; includeInIndex = 0; path = hello_worldTests.xctest; sourceTree = BUILT_PRODUCTS_DIR; };
		EA4AE9F62B7718B3000C6BFC /* hello_worldTests.swift */ = {isa = PBXFileReference; lastKnownFileType = sourcecode.swift; path = hello_worldTests.swift; sourceTree = "<group>"; };
		EA4AE9FC2B7718B3000C6BFC /* hello_worldUITests.xctest */ = {isa = PBXFileReference; explicitFileType = wrapper.cfbundle; includeInIndex = 0; path = hello_worldUITests.xctest; sourceTree = BUILT_PRODUCTS_DIR; };
		EA4AEA002B7718B3000C6BFC /* hello_worldUITests.swift */ = {isa = PBXFileReference; lastKnownFileType = sourcecode.swift; path = hello_worldUITests.swift; sourceTree = "<group>"; };
		EA4AEA022B7718B3000C6BFC /* hello_worldUITestsLaunchTests.swift */ = {isa = PBXFileReference; lastKnownFileType = sourcecode.swift; path = hello_worldUITestsLaunchTests.swift; sourceTree = "<group>"; };
/* End PBXFileReference section */

/* Begin PBXFrameworksBuildPhase section */
		EA4AE9D92B7718B1000C6BFC /* Frameworks */ = {
			isa = PBXFrameworksBuildPhase;
			buildActionMask = 2147483647;
			files = (
			);
			runOnlyForDeploymentPostprocessing = 0;
		};
		EA4AE9EF2B7718B3000C6BFC /* Frameworks */ = {
			isa = PBXFrameworksBuildPhase;
			buildActionMask = 2147483647;
			files = (
			);
			runOnlyForDeploymentPostprocessing = 0;
		};
		EA4AE9F92B7718B3000C6BFC /* Frameworks */ = {
			isa = PBXFrameworksBuildPhase;
			buildActionMask = 2147483647;
			files = (
			);
			runOnlyForDeploymentPostprocessing = 0;
		};
/* End PBXFrameworksBuildPhase section */

/* Begin PBXGroup section */
		EA4AE9D32B7718B1000C6BFC = {
			isa = PBXGroup;
			children = (
				EA4AE9DE2B7718B1000C6BFC /* hello_world */,
				EA4AE9F52B7718B3000C6BFC /* hello_worldTests */,
				EA4AE9FF2B7718B3000C6BFC /* hello_worldUITests */,
				EA4AE9DD2B7718B1000C6BFC /* Products */,
			);
			sourceTree = "<group>";
		};
		EA4AE9DD2B7718B1000C6BFC /* Products */ = {
			isa = PBXGroup;
			children = (
				EA4AE9DC2B7718B1000C6BFC /* hello_world.app */,
				EA4AE9F22B7718B3000C6BFC /* hello_worldTests.xctest */,
				EA4AE9FC2B7718B3000C6BFC /* hello_worldUITests.xctest */,
			);
			name = Products;
			sourceTree = "<group>";
		};
		EA4AE9DE2B7718B1000C6BFC /* hello_world */ = {
			isa = PBXGroup;
			children = (
				EA4AE9DF2B7718B1000C6BFC /* AppDelegate.swift */,
				EA4AE9E12B7718B1000C6BFC /* SceneDelegate.swift */,
				EA4AE9E32B7718B1000C6BFC /* ViewController.swift */,
				EA4AE9E52B7718B1000C6BFC /* Main.storyboard */,
				EA4AE9E82B7718B3000C6BFC /* Assets.xcassets */,
				EA4AE9EA2B7718B3000C6BFC /* LaunchScreen.storyboard */,
				EA4AE9ED2B7718B3000C6BFC /* Info.plist */,
			);
			path = hello_world;
			sourceTree = "<group>";
		};
		EA4AE9F52B7718B3000C6BFC /* hello_worldTests */ = {
			isa = PBXGroup;
			children = (
				EA4AE9F62B7718B3000C6BFC /* hello_worldTests.swift */,
			);
			path = hello_worldTests;
			sourceTree = "<group>";
		};
		EA4AE9FF2B7718B3000C6BFC /* hello_worldUITests */ = {
			isa = PBXGroup;
			children = (
				EA4AEA002B7718B3000C6BFC /* hello_worldUITests.swift */,
				EA4AEA022B7718B3000C6BFC /* hello_worldUITestsLaunchTests.swift */,
			);
			path = hello_worldUITests;
			sourceTree = "<group>";
		};
/* End PBXGroup section */

/* Begin PBXNativeTarget section */
		EA4AE9DB2B7718B1000C6BFC /* hello_world */ = {
			isa = PBXNativeTarget;
			buildConfigurationList = EA4AEA062B7718B3000C6BFC /* Build configuration list for PBXNativeTarget "hello_world" */;
			buildPhases = (
				EA4AE9D82B7718B1000C6BFC /* Sources */,
				EA4AE9D92B7718B1000C6BFC /* Frameworks */,
				EA4AE9DA2B7718B1000C6BFC /* Resources */,
			);
			buildRules = (
			);
			dependencies = (
			);
			name = hello_world;
			productName = hello_world;
			productReference = EA4AE9DC2B7718B1000C6BFC /* hello_world.app */;
			productType = "com.apple.product-type.application";
		};
		EA4AE9F12B7718B3000C6BFC /* hello_worldTests */ = {
			isa = PBXNativeTarget;
			buildConfigurationList = EA4AEA092B7718B3000C6BFC /* Build configuration list for PBXNativeTarget "hello_worldTests" */;
			buildPhases = (
				EA4AE9EE2B7718B3000C6BFC /* Sources */,
				EA4AE9EF2B7718B3000C6BFC /* Frameworks */,
				EA4AE9F02B7718B3000C6BFC /* Resources */,
			);
			buildRules = (
			);
			dependencies = (
				EA4AE9F42B7718B3000C6BFC /* PBXTargetDependency */,
			);
			name = hello_worldTests;
			productName = hello_worldTests;
			productReference = EA4AE9F22B7718B3000C6BFC /* hello_worldTests.xctest */;
			productType = "com.apple.product-type.bundle.unit-test";
		};
		EA4AE9FB2B7718B3000C6BFC /* hello_worldUITests */ = {
			isa = PBXNativeTarget;
			buildConfigurationList = EA4AEA0C2B7718B3000C6BFC /* Build configuration list for PBXNativeTarget "hello_worldUITests" */;
			buildPhases = (
				EA4AE9F82B7718B3000C6BFC /* Sources */,
				EA4AE9F92B7718B3000C6BFC /* Frameworks */,
				EA4AE9FA2B7718B3000C6BFC /* Resources */,
			);
			buildRules = (
			);
			dependencies = (
				EA4AE9FE2B7718B3000C6BFC /* PBXTargetDependency */,
			);
			name = hello_worldUITests;
			productName = hello_worldUITests;
			productReference = EA4AE9FC2B7718B3000C6BFC /* hello_worldUITests.xctest */;
			productType = "com.apple.product-type.bundle.ui-testing";
		};
/* End PBXNativeTarget section */

/* Begin PBXProject section */
		EA4AE9D42B7718B1000C6BFC /* Project object */ = {
			isa = PBXProject;
			attributes = {
				BuildIndependentTargetsInParallel = 1;
				LastSwiftUpdateCheck = 1520;
				LastUpgradeCheck = 1520;
				TargetAttributes = {
					EA4AE9DB2B7718B1000C6BFC = {
						CreatedOnToolsVersion = 15.2;
					};
					EA4AE9F12B7718B3000C6BFC = {
						CreatedOnToolsVersion = 15.2;
						TestTargetID = EA4AE9DB2B7718B1000C6BFC;
					};
					EA4AE9FB2B7718B3000C6BFC = {
						CreatedOnToolsVersion = 15.2;
						TestTargetID = EA4AE9DB2B7718B1000C6BFC;
					};
				};
			};
			buildConfigurationList = EA4AE9D72B7718B1000C6BFC /* Build configuration list for PBXProject "hello_world" */;
			compatibilityVersion = "Xcode 14.0";
			developmentRegion = en;
			hasScannedForEncodings = 0;
			knownRegions = (
				en,
				Base,
			);
			mainGroup = EA4AE9D32B7718B1000C6BFC;
			productRefGroup = EA4AE9DD2B7718B1000C6BFC /* Products */;
			projectDirPath = "";
			projectRoot = "";
			targets = (
				EA4AE9DB2B7718B1000C6BFC /* hello_world */,
				EA4AE9F12B7718B3000C6BFC /* hello_worldTests */,
				EA4AE9FB2B7718B3000C6BFC /* hello_worldUITests */,
			);
		};
/* End PBXProject section */

/* Begin PBXResourcesBuildPhase section */
		EA4AE9DA2B7718B1000C6BFC /* Resources */ = {
			isa = PBXResourcesBuildPhase;
			buildActionMask = 2147483647;
			files = (
				EA4AE9EC2B7718B3000C6BFC /* LaunchScreen.storyboard in Resources */,
				EA4AE9E92B7718B3000C6BFC /* Assets.xcassets in Resources */,
				EA4AE9E72B7718B1000C6BFC /* Main.storyboard in Resources */,
			);
			runOnlyForDeploymentPostprocessing = 0;
		};
		EA4AE9F02B7718B3000C6BFC /* Resources */ = {
			isa = PBXResourcesBuildPhase;
			buildActionMask = 2147483647;
			files = (
			);
			runOnlyForDeploymentPostprocessing = 0;
		};
		EA4AE9FA2B7718B3000C6BFC /* Resources */ = {
			isa = PBXResourcesBuildPhase;
			buildActionMask = 2147483647;
			files = (
			);
			runOnlyForDeploymentPostprocessing = 0;
		};
/* End PBXResourcesBuildPhase section */

/* Begin PBXSourcesBuildPhase section */
		EA4AE9D82B7718B1000C6BFC /* Sources */ = {
			isa = PBXSourcesBuildPhase;
			buildActionMask = 2147483647;
			files = (
				EA4AE9E42B7718B1000C6BFC /* ViewController.swift in Sources */,
				EA4AE9E02B7718B1000C6BFC /* AppDelegate.swift in Sources */,
				EA4AE9E22B7718B1000C6BFC /* SceneDelegate.swift in Sources */,
			);
			runOnlyForDeploymentPostprocessing = 0;
		};
		EA4AE9EE2B7718B3000C6BFC /* Sources */ = {
			isa = PBXSourcesBuildPhase;
			buildActionMask = 2147483647;
			files = (
				EA4AE9F72B7718B3000C6BFC /* hello_worldTests.swift in Sources */,
			);
			runOnlyForDeploymentPostprocessing = 0;
		};
		EA4AE9F82B7718B3000C6BFC /* Sources */ = {
			isa = PBXSourcesBuildPhase;
			buildActionMask = 2147483647;
			files = (
				EA4AEA032B7718B3000C6BFC /* hello_worldUITestsLaunchTests.swift in Sources */,
				EA4AEA012B7718B3000C6BFC /* hello_worldUITests.swift in Sources */,
			);
			runOnlyForDeploymentPostprocessing = 0;
		};
/* End PBXSourcesBuildPhase section */

/* Begin PBXTargetDependency section */
		EA4AE9F42B7718B3000C6BFC /* PBXTargetDependency */ = {
			isa = PBXTargetDependency;
			target = EA4AE9DB2B7718B1000C6BFC /* hello_world */;
			targetProxy = EA4AE9F32B7718B3000C6BFC /* PBXContainerItemProxy */;
		};
		EA4AE9FE2B7718B3000C6BFC /* PBXTargetDependency */ = {
			isa = PBXTargetDependency;
			target = EA4AE9DB2B7718B1000C6BFC /* hello_world */;
			targetProxy = EA4AE9FD2B7718B3000C6BFC /* PBXContainerItemProxy */;
		};
/* End PBXTargetDependency section */

/* Begin PBXVariantGroup section */
		EA4AE9E52B7718B1000C6BFC /* Main.storyboard */ = {
			isa = PBXVariantGroup;
			children = (
				EA4AE9E62B7718B1000C6BFC /* Base */,
			);
			name = Main.storyboard;
			sourceTree = "<group>";
		};
		EA4AE9EA2B7718B3000C6BFC /* LaunchScreen.storyboard */ = {
			isa = PBXVariantGroup;
			children = (
				EA4AE9EB2B7718B3000C6BFC /* Base */,
			);
			name = LaunchScreen.storyboard;
			sourceTree = "<group>";
		};
/* End PBXVariantGroup section */

/* Begin XCBuildConfiguration section */
		EA4AEA042B7718B3000C6BFC /* Debug */ = {
			isa = XCBuildConfiguration;
			buildSettings = {
				ALWAYS_SEARCH_USER_PATHS = NO;
				ASSETCATALOG_COMPILER_GENERATE_SWIFT_ASSET_SYMBOL_EXTENSIONS = YES;
				CLANG_ANALYZER_NONNULL = YES;
				CLANG_ANALYZER_NUMBER_OBJECT_CONVERSION = YES_AGGRESSIVE;
				CLANG_CXX_LANGUAGE_STANDARD = "gnu++20";
				CLANG_ENABLE_MODULES = YES;
				CLANG_ENABLE_OBJC_ARC = YES;
				CLANG_ENABLE_OBJC_WEAK = YES;
				CLANG_WARN_BLOCK_CAPTURE_AUTORELEASING = YES;
				CLANG_WARN_BOOL_CONVERSION = YES;
				CLANG_WARN_COMMA = YES;
				CLANG_WARN_CONSTANT_CONVERSION = YES;
				CLANG_WARN_DEPRECATED_OBJC_IMPLEMENTATIONS = YES;
				CLANG_WARN_DIRECT_OBJC_ISA_USAGE = YES_ERROR;
				CLANG_WARN_DOCUMENTATION_COMMENTS = YES;
				CLANG_WARN_EMPTY_BODY = YES;
				CLANG_WARN_ENUM_CONVERSION = YES;
				CLANG_WARN_INFINITE_RECURSION = YES;
				CLANG_WARN_INT_CONVERSION = YES;
				CLANG_WARN_NON_LITERAL_NULL_CONVERSION = YES;
				CLANG_WARN_OBJC_IMPLICIT_RETAIN_SELF = YES;
				CLANG_WARN_OBJC_LITERAL_CONVERSION = YES;
				CLANG_WARN_OBJC_ROOT_CLASS = YES_ERROR;
				CLANG_WARN_QUOTED_INCLUDE_IN_FRAMEWORK_HEADER = YES;
				CLANG_WARN_RANGE_LOOP_ANALYSIS = YES;
				CLANG_WARN_STRICT_PROTOTYPES = YES;
				CLANG_WARN_SUSPICIOUS_MOVE = YES;
				CLANG_WARN_UNGUARDED_AVAILABILITY = YES_AGGRESSIVE;
				CLANG_WARN_UNREACHABLE_CODE = YES;
				CLANG_WARN__DUPLICATE_METHOD_MATCH = YES;
				COPY_PHASE_STRIP = NO;
				DEBUG_INFORMATION_FORMAT = dwarf;
				ENABLE_STRICT_OBJC_MSGSEND = YES;
				ENABLE_TESTABILITY = YES;
				ENABLE_USER_SCRIPT_SANDBOXING = YES;
				GCC_C_LANGUAGE_STANDARD = gnu17;
				GCC_DYNAMIC_NO_PIC = NO;
				GCC_NO_COMMON_BLOCKS = YES;
				GCC_OPTIMIZATION_LEVEL = 0;
				GCC_PREPROCESSOR_DEFINITIONS = (
					"DEBUG=1",
					"$(inherited)",
				);
				GCC_WARN_64_TO_32_BIT_CONVERSION = YES;
				GCC_WARN_ABOUT_RETURN_TYPE = YES_ERROR;
				GCC_WARN_UNDECLARED_SELECTOR = YES;
				GCC_WARN_UNINITIALIZED_AUTOS = YES_AGGRESSIVE;
				GCC_WARN_UNUSED_FUNCTION = YES;
				GCC_WARN_UNUSED_VARIABLE = YES;
				IPHONEOS_DEPLOYMENT_TARGET = 17.2;
				LOCALIZATION_PREFERS_STRING_CATALOGS = YES;
				MTL_ENABLE_DEBUG_INFO = INCLUDE_SOURCE;
				MTL_FAST_MATH = YES;
				ONLY_ACTIVE_ARCH = YES;
				SDKROOT = iphoneos;
				SWIFT_ACTIVE_COMPILATION_CONDITIONS = "DEBUG $(inherited)";
				SWIFT_OPTIMIZATION_LEVEL = "-Onone";
			};
			name = Debug;
		};
		EA4AEA052B7718B3000C6BFC /* Release */ = {
			isa = XCBuildConfiguration;
			buildSettings = {
				ALWAYS_SEARCH_USER_PATHS = NO;
				ASSETCATALOG_COMPILER_GENERATE_SWIFT_ASSET_SYMBOL_EXTENSIONS = YES;
				CLANG_ANALYZER_NONNULL = YES;
				CLANG_ANALYZER_NUMBER_OBJECT_CONVERSION = YES_AGGRESSIVE;
				CLANG_CXX_LANGUAGE_STANDARD = "gnu++20";
				CLANG_ENABLE_MODULES = YES;
				CLANG_ENABLE_OBJC_ARC = YES;
				CLANG_ENABLE_OBJC_WEAK = YES;
				CLANG_WARN_BLOCK_CAPTURE_AUTORELEASING = YES;
				CLANG_WARN_BOOL_CONVERSION = YES;
				CLANG_WARN_COMMA = YES;
				CLANG_WARN_CONSTANT_CONVERSION = YES;
				CLANG_WARN_DEPRECATED_OBJC_IMPLEMENTATIONS = YES;
				CLANG_WARN_DIRECT_OBJC_ISA_USAGE = YES_ERROR;
				CLANG_WARN_DOCUMENTATION_COMMENTS = YES;
				CLANG_WARN_EMPTY_BODY = YES;
				CLANG_WARN_ENUM_CONVERSION = YES;
				CLANG_WARN_INFINITE_RECURSION = YES;
				CLANG_WARN_INT_CONVERSION = YES;
				CLANG_WARN_NON_LITERAL_NULL_CONVERSION = YES;
				CLANG_WARN_OBJC_IMPLICIT_RETAIN_SELF = YES;
				CLANG_WARN_OBJC_LITERAL_CONVERSION = YES;
				CLANG_WARN_OBJC_ROOT_CLASS = YES_ERROR;
				CLANG_WARN_QUOTED_INCLUDE_IN_FRAMEWORK_HEADER = YES;
				CLANG_WARN_RANGE_LOOP_ANALYSIS = YES;
				CLANG_WARN_STRICT_PROTOTYPES = YES;
				CLANG_WARN_SUSPICIOUS_MOVE = YES;
				CLANG_WARN_UNGUARDED_AVAILABILITY = YES_AGGRESSIVE;
				CLANG_WARN_UNREACHABLE_CODE = YES;
				CLANG_WARN__DUPLICATE_METHOD_MATCH = YES;
				COPY_PHASE_STRIP = NO;
				DEBUG_INFORMATION_FORMAT = "dwarf-with-dsym";
				ENABLE_NS_ASSERTIONS = NO;
				ENABLE_STRICT_OBJC_MSGSEND = YES;
				ENABLE_USER_SCRIPT_SANDBOXING = YES;
				GCC_C_LANGUAGE_STANDARD = gnu17;
				GCC_NO_COMMON_BLOCKS = YES;
				GCC_WARN_64_TO_32_BIT_CONVERSION = YES;
				GCC_WARN_ABOUT_RETURN_TYPE = YES_ERROR;
				GCC_WARN_UNDECLARED_SELECTOR = YES;
				GCC_WARN_UNINITIALIZED_AUTOS = YES_AGGRESSIVE;
				GCC_WARN_UNUSED_FUNCTION = YES;
				GCC_WARN_UNUSED_VARIABLE = YES;
				IPHONEOS_DEPLOYMENT_TARGET = 17.2;
				LOCALIZATION_PREFERS_STRING_CATALOGS = YES;
				MTL_ENABLE_DEBUG_INFO = NO;
				MTL_FAST_MATH = YES;
				SDKROOT = iphoneos;
				SWIFT_COMPILATION_MODE = wholemodule;
				VALIDATE_PRODUCT = YES;
			};
			name = Release;
		};
		EA4AEA072B7718B3000C6BFC /* Debug */ = {
			isa = XCBuildConfiguration;
			buildSettings = {
				ASSETCATALOG_COMPILER_APPICON_NAME = AppIcon;
				ASSETCATALOG_COMPILER_GLOBAL_ACCENT_COLOR_NAME = AccentColor;
				CODE_SIGN_STYLE = Automatic;
				CURRENT_PROJECT_VERSION = 1;
				GENERATE_INFOPLIST_FILE = YES;
				INFOPLIST_FILE = hello_world/Info.plist;
				INFOPLIST_KEY_UIApplicationSupportsIndirectInputEvents = YES;
				INFOPLIST_KEY_UILaunchStoryboardName = LaunchScreen;
				INFOPLIST_KEY_UIMainStoryboardFile = Main;
				INFOPLIST_KEY_UISupportedInterfaceOrientations_iPad = "UIInterfaceOrientationPortrait UIInterfaceOrientationPortraitUpsideDown UIInterfaceOrientationLandscapeLeft UIInterfaceOrientationLandscapeRight";
				INFOPLIST_KEY_UISupportedInterfaceOrientations_iPhone = "UIInterfaceOrientationPortrait UIInterfaceOrientationLandscapeLeft UIInterfaceOrientationLandscapeRight";
				LD_RUNPATH_SEARCH_PATHS = (
					"$(inherited)",
					"@executable_path/Frameworks",
				);
				MARKETING_VERSION = 1.0;
				PRODUCT_BUNDLE_IDENTIFIER = "johnlearning.hello-world";
				PRODUCT_NAME = "$(TARGET_NAME)";
				SWIFT_EMIT_LOC_STRINGS = YES;
				SWIFT_VERSION = 5.0;
				TARGETED_DEVICE_FAMILY = "1,2";
			};
			name = Debug;
		};
		EA4AEA082B7718B3000C6BFC /* Release */ = {
			isa = XCBuildConfiguration;
			buildSettings = {
				ASSETCATALOG_COMPILER_APPICON_NAME = AppIcon;
				ASSETCATALOG_COMPILER_GLOBAL_ACCENT_COLOR_NAME = AccentColor;
				CODE_SIGN_STYLE = Automatic;
				CURRENT_PROJECT_VERSION = 1;
				GENERATE_INFOPLIST_FILE = YES;
				INFOPLIST_FILE = hello_world/Info.plist;
				INFOPLIST_KEY_UIApplicationSupportsIndirectInputEvents = YES;
				INFOPLIST_KEY_UILaunchStoryboardName = LaunchScreen;
				INFOPLIST_KEY_UIMainStoryboardFile = Main;
				INFOPLIST_KEY_UISupportedInterfaceOrientations_iPad = "UIInterfaceOrientationPortrait UIInterfaceOrientationPortraitUpsideDown UIInterfaceOrientationLandscapeLeft UIInterfaceOrientationLandscapeRight";
				INFOPLIST_KEY_UISupportedInterfaceOrientations_iPhone = "UIInterfaceOrientationPortrait UIInterfaceOrientationLandscapeLeft UIInterfaceOrientationLandscapeRight";
				LD_RUNPATH_SEARCH_PATHS = (
					"$(inherited)",
					"@executable_path/Frameworks",
				);
				MARKETING_VERSION = 1.0;
				PRODUCT_BUNDLE_IDENTIFIER = "johnlearning.hello-world";
				PRODUCT_NAME = "$(TARGET_NAME)";
				SWIFT_EMIT_LOC_STRINGS = YES;
				SWIFT_VERSION = 5.0;
				TARGETED_DEVICE_FAMILY = "1,2";
			};
			name = Release;
		};
		EA4AEA0A2B7718B3000C6BFC /* Debug */ = {
			isa = XCBuildConfiguration;
			buildSettings = {
				ALWAYS_EMBED_SWIFT_STANDARD_LIBRARIES = YES;
				BUNDLE_LOADER = "$(TEST_HOST)";
				CODE_SIGN_STYLE = Automatic;
				CURRENT_PROJECT_VERSION = 1;
				GENERATE_INFOPLIST_FILE = YES;
				IPHONEOS_DEPLOYMENT_TARGET = 17.2;
				MARKETING_VERSION = 1.0;
				PRODUCT_BUNDLE_IDENTIFIER = "johnlearning.hello-worldTests";
				PRODUCT_NAME = "$(TARGET_NAME)";
				SWIFT_EMIT_LOC_STRINGS = NO;
				SWIFT_VERSION = 5.0;
				TARGETED_DEVICE_FAMILY = "1,2";
				TEST_HOST = "$(BUILT_PRODUCTS_DIR)/hello_world.app/$(BUNDLE_EXECUTABLE_FOLDER_PATH)/hello_world";
			};
			name = Debug;
		};
		EA4AEA0B2B7718B3000C6BFC /* Release */ = {
			isa = XCBuildConfiguration;
			buildSettings = {
				ALWAYS_EMBED_SWIFT_STANDARD_LIBRARIES = YES;
				BUNDLE_LOADER = "$(TEST_HOST)";
				CODE_SIGN_STYLE = Automatic;
				CURRENT_PROJECT_VERSION = 1;
				GENERATE_INFOPLIST_FILE = YES;
				IPHONEOS_DEPLOYMENT_TARGET = 17.2;
				MARKETING_VERSION = 1.0;
				PRODUCT_BUNDLE_IDENTIFIER = "johnlearning.hello-worldTests";
				PRODUCT_NAME = "$(TARGET_NAME)";
				SWIFT_EMIT_LOC_STRINGS = NO;
				SWIFT_VERSION = 5.0;
				TARGETED_DEVICE_FAMILY = "1,2";
				TEST_HOST = "$(BUILT_PRODUCTS_DIR)/hello_world.app/$(BUNDLE_EXECUTABLE_FOLDER_PATH)/hello_world";
			};
			name = Release;
		};
		EA4AEA0D2B7718B3000C6BFC /* Debug */ = {
			isa = XCBuildConfiguration;
			buildSettings = {
				ALWAYS_EMBED_SWIFT_STANDARD_LIBRARIES = YES;
				CODE_SIGN_STYLE = Automatic;
				CURRENT_PROJECT_VERSION = 1;
				GENERATE_INFOPLIST_FILE = YES;
				MARKETING_VERSION = 1.0;
				PRODUCT_BUNDLE_IDENTIFIER = "johnlearning.hello-worldUITests";
				PRODUCT_NAME = "$(TARGET_NAME)";
				SWIFT_EMIT_LOC_STRINGS = NO;
				SWIFT_VERSION = 5.0;
				TARGETED_DEVICE_FAMILY = "1,2";
				TEST_TARGET_NAME = hello_world;
			};
			name = Debug;
		};
		EA4AEA0E2B7718B3000C6BFC /* Release */ = {
			isa = XCBuildConfiguration;
			buildSettings = {
				ALWAYS_EMBED_SWIFT_STANDARD_LIBRARIES = YES;
				CODE_SIGN_STYLE = Automatic;
				CURRENT_PROJECT_VERSION = 1;
				GENERATE_INFOPLIST_FILE = YES;
				MARKETING_VERSION = 1.0;
				PRODUCT_BUNDLE_IDENTIFIER = "johnlearning.hello-worldUITests";
				PRODUCT_NAME = "$(TARGET_NAME)";
				SWIFT_EMIT_LOC_STRINGS = NO;
				SWIFT_VERSION = 5.0;
				TARGETED_DEVICE_FAMILY = "1,2";
				TEST_TARGET_NAME = hello_world;
			};
			name = Release;
		};
/* End XCBuildConfiguration section */

/* Begin XCConfigurationList section */
		EA4AE9D72B7718B1000C6BFC /* Build configuration list for PBXProject "hello_world" */ = {
			isa = XCConfigurationList;
			buildConfigurations = (
				EA4AEA042B7718B3000C6BFC /* Debug */,
				EA4AEA052B7718B3000C6BFC /* Release */,
			);
			defaultConfigurationIsVisible = 0;
			defaultConfigurationName = Release;
		};
		EA4AEA062B7718B3000C6BFC /* Build configuration list for PBXNativeTarget "hello_world" */ = {
			isa = XCConfigurationList;
			buildConfigurations = (
				EA4AEA072B7718B3000C6BFC /* Debug */,
				EA4AEA082B7718B3000C6BFC /* Release */,
			);
			defaultConfigurationIsVisible = 0;
			defaultConfigurationName = Release;
		};
		EA4AEA092B7718B3000C6BFC /* Build configuration list for PBXNativeTarget "hello_worldTests" */ = {
			isa = XCConfigurationList;
			buildConfigurations = (
				EA4AEA0A2B7718B3000C6BFC /* Debug */,
				EA4AEA0B2B7718B3000C6BFC /* Release */,
			);
			defaultConfigurationIsVisible = 0;
			defaultConfigurationName = Release;
		};
		EA4AEA0C2B7718B3000C6BFC /* Build configuration list for PBXNativeTarget "hello_worldUITests" */ = {
			isa = XCConfigurationList;
			buildConfigurations = (
				EA4AEA0D2B7718B3000C6BFC /* Debug */,
				EA4AEA0E2B7718B3000C6BFC /* Release */,
			);
			defaultConfigurationIsVisible = 0;
			defaultConfigurationName = Release;
		};
/* End XCConfigurationList section */
	};
	rootObject = EA4AE9D42B7718B1000C6BFC /* Project object */;
}
